
Microsoft Visual Studio Solution File, Format Version 12.00
# Visual Studio Version 17
VisualStudioVersion = 17.9.34622.214
MinimumVisualStudioVersion = 10.0.40219.1
Project("{FAE04EC0-301F-11D3-BF4B-00C04F79EFBC}") = "Group6_iCLOTHINGApp", "Group6_iCLOTHINGApp.csproj", "{8EA2A645-10E2-4E40-B4CC-451B2ABE0CCA}"
EndProject
Project("{54435603-DBB4-11D2-8724-00A0C9A8B90C}") = "Setup1", "..\Setup1\Setup1.vdproj", "{0C3F901C-0E64-4427-9349-EE936348FB2B}"
EndProject
Global
	GlobalSection(SolutionConfigurationPlatforms) = preSolution
		Debug|Any CPU = Debug|Any CPU
		Release|Any CPU = Release|Any CPU
	EndGlobalSection
	GlobalSection(ProjectConfigurationPlatforms) = postSolution
		{8EA2A645-10E2-4E40-B4CC-451B2ABE0CCA}.Debug|Any CPU.ActiveCfg = Debug|Any CPU
		{8EA2A645-10E2-4E40-B4CC-451B2ABE0CCA}.Debug|Any CPU.Build.0 = Debug|Any CPU
		{8EA2A645-10E2-4E40-B4CC-451B2ABE0CCA}.Release|Any CPU.ActiveCfg = Release|Any CPU
		{8EA2A645-10E2-4E40-B4CC-451B2ABE0CCA}.Release|Any CPU.Build.0 = Release|Any CPU
		{0C3F901C-0E64-4427-9349-EE936348FB2B}.Debug|Any CPU.ActiveCfg = Debug
		{0C3F901C-0E64-4427-9349-EE936348FB2B}.Release|Any CPU.ActiveCfg = Release
	EndGlobalSection
	GlobalSection(SolutionProperties) = preSolution
		HideSolutionNode = FALSE
	EndGlobalSection
	GlobalSection(ExtensibilityGlobals) = postSolution
		SolutionGuid = {9B56C984-60E7-47BA-9FF8-3E4D284AD6D5}
	EndGlobalSection
EndGlobal
